
Microsoft Visual Studio Solution File, Format Version 12.00
# Visual Studio Version 17
VisualStudioVersion = 17.2.32516.85
MinimumVisualStudioVersion = 10.0.40219.1
Project("{FAE04EC0-301F-11D3-BF4B-00C04F79EFBC}") = "LapTrinhWeb_NhomTTTV", "LapTrinhWeb_NhomTTTV\LapTrinhWeb_NhomTTTV.csproj", "{5273B573-E75E-46EE-8CE7-BB69E57B3ACA}"
EndProject
Global
	GlobalSection(SolutionConfigurationPlatforms) = preSolution
		Debug|Any CPU = Debug|Any CPU
		Release|Any CPU = Release|Any CPU
	EndGlobalSection
	GlobalSection(ProjectConfigurationPlatforms) = postSolution
		{5273B573-E75E-46EE-8CE7-BB69E57B3ACA}.Debug|Any CPU.ActiveCfg = Debug|Any CPU
		{5273B573-E75E-46EE-8CE7-BB69E57B3ACA}.Debug|Any CPU.Build.0 = Debug|Any CPU
		{5273B573-E75E-46EE-8CE7-BB69E57B3ACA}.Release|Any CPU.ActiveCfg = Release|Any CPU
		{5273B573-E75E-46EE-8CE7-BB69E57B3ACA}.Release|Any CPU.Build.0 = Release|Any CPU
	EndGlobalSection
	GlobalSection(SolutionProperties) = preSolution
		HideSolutionNode = FALSE
	EndGlobalSection
	GlobalSection(ExtensibilityGlobals) = postSolution
		SolutionGuid = {CE9ECC27-1169-44D5-8300-F297FDB0A0C3}
	EndGlobalSection
EndGlobal
